
Microsoft Visual Studio Solution File, Format Version 12.00
# Visual Studio Version 17
VisualStudioVersion = 17.0.32014.148
MinimumVisualStudioVersion = 10.0.40219.1
Project("{FAE04EC0-301F-11D3-BF4B-00C04F79EFBC}") = "ProductList", "ProductList.csproj", "{D602B82F-8D8C-443E-9F69-FACAA9733C9C}"
EndProject
Global
	GlobalSection(SolutionConfigurationPlatforms) = preSolution
		Debug|Any CPU = Debug|Any CPU
		Release|Any CPU = Release|Any CPU
	EndGlobalSection
	GlobalSection(ProjectConfigurationPlatforms) = postSolution
		{D602B82F-8D8C-443E-9F69-FACAA9733C9C}.Debug|Any CPU.ActiveCfg = Debug|Any CPU
		{D602B82F-8D8C-443E-9F69-FACAA9733C9C}.Debug|Any CPU.Build.0 = Debug|Any CPU
		{D602B82F-8D8C-443E-9F69-FACAA9733C9C}.Release|Any CPU.ActiveCfg = Release|Any CPU
		{D602B82F-8D8C-443E-9F69-FACAA9733C9C}.Release|Any CPU.Build.0 = Release|Any CPU
	EndGlobalSection
	GlobalSection(SolutionProperties) = preSolution
		HideSolutionNode = FALSE
	EndGlobalSection
	GlobalSection(ExtensibilityGlobals) = postSolution
		SolutionGuid = {631E2C08-D1F4-4769-8027-DF447FE83717}
	EndGlobalSection
EndGlobal
